// !$*UTF8*$!
{
	archiveVersion = 1;
	classes = {
	};
	objectVersion = 50;
	objects = {

/* Begin PBXBuildFile section */
		6C97100724B8879400FD3C2D /* AppDelegate.m in Sources */ = {isa = PBXBuildFile; fileRef = 6C97100624B8879400FD3C2D /* AppDelegate.m */; };
		6C97100A24B8879400FD3C2D /* SceneDelegate.m in Sources */ = {isa = PBXBuildFile; fileRef = 6C97100924B8879400FD3C2D /* SceneDelegate.m */; };
		6C97100D24B8879400FD3C2D /* ViewController.m in Sources */ = {isa = PBXBuildFile; fileRef = 6C97100C24B8879400FD3C2D /* ViewController.m */; };
		6C97101024B8879400FD3C2D /* Main.storyboard in Resources */ = {isa = PBXBuildFile; fileRef = 6C97100E24B8879400FD3C2D /* Main.storyboard */; };
		6C97101224B887A500FD3C2D /* Assets.xcassets in Resources */ = {isa = PBXBuildFile; fileRef = 6C97101124B887A500FD3C2D /* Assets.xcassets */; };
		6C97101524B887A500FD3C2D /* LaunchScreen.storyboard in Resources */ = {isa = PBXBuildFile; fileRef = 6C97101324B887A500FD3C2D /* LaunchScreen.storyboard */; };
		6C97101824B887A500FD3C2D /* main.m in Sources */ = {isa = PBXBuildFile; fileRef = 6C97101724B887A500FD3C2D /* main.m */; };
		6C97102124B8931500FD3C2D /* stationTableViewController.m in Sources */ = {isa = PBXBuildFile; fileRef = 6C97102024B8931500FD3C2D /* stationTableViewController.m */; };
/* End PBXBuildFile section */

/* Begin PBXFileReference section */
		6C97100224B8879400FD3C2D /* Training_ObjC_MapTableView.app */ = {isa = PBXFileReference; explicitFileType = wrapper.application; includeInIndex = 0; path = Training_ObjC_MapTableView.app; sourceTree = BUILT_PRODUCTS_DIR; };
		6C97100524B8879400FD3C2D /* AppDelegate.h */ = {isa = PBXFileReference; lastKnownFileType = sourcecode.c.h; path = AppDelegate.h; sourceTree = "<group>"; };
		6C97100624B8879400FD3C2D /* AppDelegate.m */ = {isa = PBXFileReference; lastKnownFileType = sourcecode.c.objc; path = AppDelegate.m; sourceTree = "<group>"; };
		6C97100824B8879400FD3C2D /* SceneDelegate.h */ = {isa = PBXFileReference; lastKnownFileType = sourcecode.c.h; path = SceneDelegate.h; sourceTree = "<group>"; };
		6C97100924B8879400FD3C2D /* SceneDelegate.m */ = {isa = PBXFileReference; lastKnownFileType = sourcecode.c.objc; path = SceneDelegate.m; sourceTree = "<group>"; };
		6C97100B24B8879400FD3C2D /* ViewController.h */ = {isa = PBXFileReference; lastKnownFileType = sourcecode.c.h; path = ViewController.h; sourceTree = "<group>"; };
		6C97100C24B8879400FD3C2D /* ViewController.m */ = {isa = PBXFileReference; lastKnownFileType = sourcecode.c.objc; path = ViewController.m; sourceTree = "<group>"; };
		6C97100F24B8879400FD3C2D /* Base */ = {isa = PBXFileReference; lastKnownFileType = file.storyboard; name = Base; path = Base.lproj/Main.storyboard; sourceTree = "<group>"; };
		6C97101124B887A500FD3C2D /* Assets.xcassets */ = {isa = PBXFileReference; lastKnownFileType = folder.assetcatalog; path = Assets.xcassets; sourceTree = "<group>"; };
		6C97101424B887A500FD3C2D /* Base */ = {isa = PBXFileReference; lastKnownFileType = file.storyboard; name = Base; path = Base.lproj/LaunchScreen.storyboard; sourceTree = "<group>"; };
		6C97101624B887A500FD3C2D /* Info.plist */ = {isa = PBXFileReference; lastKnownFileType = text.plist.xml; path = Info.plist; sourceTree = "<group>"; };
		6C97101724B887A500FD3C2D /* main.m */ = {isa = PBXFileReference; lastKnownFileType = sourcecode.c.objc; path = main.m; sourceTree = "<group>"; };
		6C97101F24B8931500FD3C2D /* stationTableViewController.h */ = {isa = PBXFileReference; lastKnownFileType = sourcecode.c.h; path = stationTableViewController.h; sourceTree = "<group>"; };
		6C97102024B8931500FD3C2D /* stationTableViewController.m */ = {isa = PBXFileReference; lastKnownFileType = sourcecode.c.objc; path = stationTableViewController.m; sourceTree = "<group>"; };
/* End PBXFileReference section */

/* Begin PBXFrameworksBuildPhase section */
		6C970FFF24B8879400FD3C2D /* Frameworks */ = {
			isa = PBXFrameworksBuildPhase;
			buildActionMask = 2147483647;
			files = (
			);
			runOnlyForDeploymentPostprocessing = 0;
		};
/* End PBXFrameworksBuildPhase section */

/* Begin PBXGroup section */
		6C970FF924B8879300FD3C2D = {
			isa = PBXGroup;
			children = (
				6C97100424B8879400FD3C2D /* Training_ObjC_MapTableView */,
				6C97100324B8879400FD3C2D /* Products */,
			);
			sourceTree = "<group>";
		};
		6C97100324B8879400FD3C2D /* Products */ = {
			isa = PBXGroup;
			children = (
				6C97100224B8879400FD3C2D /* Training_ObjC_MapTableView.app */,
			);
			name = Products;
			sourceTree = "<group>";
		};
		6C97100424B8879400FD3C2D /* Training_ObjC_MapTableView */ = {
			isa = PBXGroup;
			children = (
				6C97101E24B892D300FD3C2D /* TableViewVC */,
				6C97100524B8879400FD3C2D /* AppDelegate.h */,
				6C97100624B8879400FD3C2D /* AppDelegate.m */,
				6C97100824B8879400FD3C2D /* SceneDelegate.h */,
				6C97100924B8879400FD3C2D /* SceneDelegate.m */,
				6C97100B24B8879400FD3C2D /* ViewController.h */,
				6C97100C24B8879400FD3C2D /* ViewController.m */,
				6C97100E24B8879400FD3C2D /* Main.storyboard */,
				6C97101124B887A500FD3C2D /* Assets.xcassets */,
				6C97101324B887A500FD3C2D /* LaunchScreen.storyboard */,
				6C97101624B887A500FD3C2D /* Info.plist */,
				6C97101724B887A500FD3C2D /* main.m */,
			);
			path = Training_ObjC_MapTableView;
			sourceTree = "<group>";
		};
		6C97101E24B892D300FD3C2D /* TableViewVC */ = {
			isa = PBXGroup;
			children = (
				6C97101F24B8931500FD3C2D /* stationTableViewController.h */,
				6C97102024B8931500FD3C2D /* stationTableViewController.m */,
			);
			path = TableViewVC;
			sourceTree = "<group>";
		};
/* End PBXGroup section */

/* Begin PBXNativeTarget section */
		6C97100124B8879400FD3C2D /* Training_ObjC_MapTableView */ = {
			isa = PBXNativeTarget;
			buildConfigurationList = 6C97101B24B887A500FD3C2D /* Build configuration list for PBXNativeTarget "Training_ObjC_MapTableView" */;
			buildPhases = (
				6C970FFE24B8879400FD3C2D /* Sources */,
				6C970FFF24B8879400FD3C2D /* Frameworks */,
				6C97100024B8879400FD3C2D /* Resources */,
			);
			buildRules = (
			);
			dependencies = (
			);
			name = Training_ObjC_MapTableView;
			productName = Training_ObjC_MapTableView;
			productReference = 6C97100224B8879400FD3C2D /* Training_ObjC_MapTableView.app */;
			productType = "com.apple.product-type.application";
		};
/* End PBXNativeTarget section */

/* Begin PBXProject section */
		6C970FFA24B8879400FD3C2D /* Project object */ = {
			isa = PBXProject;
			attributes = {
				LastUpgradeCheck = 1130;
				ORGANIZATIONNAME = "mmslab-mini";
				TargetAttributes = {
					6C97100124B8879400FD3C2D = {
						CreatedOnToolsVersion = 11.3.1;
					};
				};
			};
			buildConfigurationList = 6C970FFD24B8879400FD3C2D /* Build configuration list for PBXProject "Training_ObjC_MapTableView" */;
			compatibilityVersion = "Xcode 9.3";
			developmentRegion = en;
			hasScannedForEncodings = 0;
			knownRegions = (
				en,
				Base,
			);
			mainGroup = 6C970FF924B8879300FD3C2D;
			productRefGroup = 6C97100324B8879400FD3C2D /* Products */;
			projectDirPath = "";
			projectRoot = "";
			targets = (
				6C97100124B8879400FD3C2D /* Training_ObjC_MapTableView */,
			);
		};
/* End PBXProject section */

/* Begin PBXResourcesBuildPhase section */
		6C97100024B8879400FD3C2D /* Resources */ = {
			isa = PBXResourcesBuildPhase;
			buildActionMask = 2147483647;
			files = (
				6C97101524B887A500FD3C2D /* LaunchScreen.storyboard in Resources */,
				6C97101224B887A500FD3C2D /* Assets.xcassets in Resources */,
				6C97101024B8879400FD3C2D /* Main.storyboard in Resources */,
			);
			runOnlyForDeploymentPostprocessing = 0;
		};
/* End PBXResourcesBuildPhase section */

/* Begin PBXSourcesBuildPhase section */
		6C970FFE24B8879400FD3C2D /* Sources */ = {
			isa = PBXSourcesBuildPhase;
			buildActionMask = 2147483647;
			files = (
				6C97100D24B8879400FD3C2D /* ViewController.m in Sources */,
				6C97100724B8879400FD3C2D /* AppDelegate.m in Sources */,
				6C97102124B8931500FD3C2D /* stationTableViewController.m in Sources */,
				6C97101824B887A500FD3C2D /* main.m in Sources */,
				6C97100A24B8879400FD3C2D /* SceneDelegate.m in Sources */,
			);
			runOnlyForDeploymentPostprocessing = 0;
		};
/* End PBXSourcesBuildPhase section */

/* Begin PBXVariantGroup section */
		6C97100E24B8879400FD3C2D /* Main.storyboard */ = {
			isa = PBXVariantGroup;
			children = (
				6C97100F24B8879400FD3C2D /* Base */,
			);
			name = Main.storyboard;
			sourceTree = "<group>";
		};
		6C97101324B887A500FD3C2D /* LaunchScreen.storyboard */ = {
			isa = PBXVariantGroup;
			children = (
				6C97101424B887A500FD3C2D /* Base */,
			);
			name = LaunchScreen.storyboard;
			sourceTree = "<group>";
		};
/* End PBXVariantGroup section */

/* Begin XCBuildConfiguration section */
		6C97101924B887A500FD3C2D /* Debug */ = {
			isa = XCBuildConfiguration;
			buildSettings = {
				ALWAYS_SEARCH_USER_PATHS = NO;
				CLANG_ANALYZER_NONNULL = YES;
				CLANG_ANALYZER_NUMBER_OBJECT_CONVERSION = YES_AGGRESSIVE;
				CLANG_CXX_LANGUAGE_STANDARD = "gnu++14";
				CLANG_CXX_LIBRARY = "libc++";
				CLANG_ENABLE_MODULES = YES;
				CLANG_ENABLE_OBJC_ARC = YES;
				CLANG_ENABLE_OBJC_WEAK = YES;
				CLANG_WARN_BLOCK_CAPTURE_AUTORELEASING = YES;
				CLANG_WARN_BOOL_CONVERSION = YES;
				CLANG_WARN_COMMA = YES;
				CLANG_WARN_CONSTANT_CONVERSION = YES;
				CLANG_WARN_DEPRECATED_OBJC_IMPLEMENTATIONS = YES;
				CLANG_WARN_DIRECT_OBJC_ISA_USAGE = YES_ERROR;
				CLANG_WARN_DOCUMENTATION_COMMENTS = YES;
				CLANG_WARN_EMPTY_BODY = YES;
				CLANG_WARN_ENUM_CONVERSION = YES;
				CLANG_WARN_INFINITE_RECURSION = YES;
				CLANG_WARN_INT_CONVERSION = YES;
				CLANG_WARN_NON_LITERAL_NULL_CONVERSION = YES;
				CLANG_WARN_OBJC_IMPLICIT_RETAIN_SELF = YES;
				CLANG_WARN_OBJC_LITERAL_CONVERSION = YES;
				CLANG_WARN_OBJC_ROOT_CLASS = YES_ERROR;
				CLANG_WARN_RANGE_LOOP_ANALYSIS = YES;
				CLANG_WARN_STRICT_PROTOTYPES = YES;
				CLANG_WARN_SUSPICIOUS_MOVE = YES;
				CLANG_WARN_UNGUARDED_AVAILABILITY = YES_AGGRESSIVE;
				CLANG_WARN_UNREACHABLE_CODE = YES;
				CLANG_WARN__DUPLICATE_METHOD_MATCH = YES;
				COPY_PHASE_STRIP = NO;
				DEBUG_INFORMATION_FORMAT = dwarf;
				ENABLE_STRICT_OBJC_MSGSEND = YES;
				ENABLE_TESTABILITY = YES;
				GCC_C_LANGUAGE_STANDARD = gnu11;
				GCC_DYNAMIC_NO_PIC = NO;
				GCC_NO_COMMON_BLOCKS = YES;
				GCC_OPTIMIZATION_LEVEL = 0;
				GCC_PREPROCESSOR_DEFINITIONS = (
					"DEBUG=1",
					"$(inherited)",
				);
				GCC_WARN_64_TO_32_BIT_CONVERSION = YES;
				GCC_WARN_ABOUT_RETURN_TYPE = YES_ERROR;
				GCC_WARN_UNDECLARED_SELECTOR = YES;
				GCC_WARN_UNINITIALIZED_AUTOS = YES_AGGRESSIVE;
				GCC_WARN_UNUSED_FUNCTION = YES;
				GCC_WARN_UNUSED_VARIABLE = YES;
				IPHONEOS_DEPLOYMENT_TARGET = 13.0;
				MTL_ENABLE_DEBUG_INFO = INCLUDE_SOURCE;
				MTL_FAST_MATH = YES;
				ONLY_ACTIVE_ARCH = YES;
				SDKROOT = iphoneos;
			};
			name = Debug;
		};
		6C97101A24B887A500FD3C2D /* Release */ = {
			isa = XCBuildConfiguration;
			buildSettings = {
				ALWAYS_SEARCH_USER_PATHS = NO;
				CLANG_ANALYZER_NONNULL = YES;
				CLANG_ANALYZER_NUMBER_OBJECT_CONVERSION = YES_AGGRESSIVE;
				CLANG_CXX_LANGUAGE_STANDARD = "gnu++14";
				CLANG_CXX_LIBRARY = "libc++";
				CLANG_ENABLE_MODULES = YES;
				CLANG_ENABLE_OBJC_ARC = YES;
				CLANG_ENABLE_OBJC_WEAK = YES;
				CLANG_WARN_BLOCK_CAPTURE_AUTORELEASING = YES;
				CLANG_WARN_BOOL_CONVERSION = YES;
				CLANG_WARN_COMMA = YES;
				CLANG_WARN_CONSTANT_CONVERSION = YES;
				CLANG_WARN_DEPRECATED_OBJC_IMPLEMENTATIONS = YES;
				CLANG_WARN_DIRECT_OBJC_ISA_USAGE = YES_ERROR;
				CLANG_WARN_DOCUMENTATION_COMMENTS = YES;
				CLANG_WARN_EMPTY_BODY = YES;
				CLANG_WARN_ENUM_CONVERSION = YES;
				CLANG_WARN_INFINITE_RECURSION = YES;
				CLANG_WARN_INT_CONVERSION = YES;
				CLANG_WARN_NON_LITERAL_NULL_CONVERSION = YES;
				CLANG_WARN_OBJC_IMPLICIT_RETAIN_SELF = YES;
				CLANG_WARN_OBJC_LITERAL_CONVERSION = YES;
				CLANG_WARN_OBJC_ROOT_CLASS = YES_ERROR;
				CLANG_WARN_RANGE_LOOP_ANALYSIS = YES;
				CLANG_WARN_STRICT_PROTOTYPES = YES;
				CLANG_WARN_SUSPICIOUS_MOVE = YES;
				CLANG_WARN_UNGUARDED_AVAILABILITY = YES_AGGRESSIVE;
				CLANG_WARN_UNREACHABLE_CODE = YES;
				CLANG_WARN__DUPLICATE_METHOD_MATCH = YES;
				COPY_PHASE_STRIP = NO;
				DEBUG_INFORMATION_FORMAT = "dwarf-with-dsym";
				ENABLE_NS_ASSERTIONS = NO;
				ENABLE_STRICT_OBJC_MSGSEND = YES;
				GCC_C_LANGUAGE_STANDARD = gnu11;
				GCC_NO_COMMON_BLOCKS = YES;
				GCC_WARN_64_TO_32_BIT_CONVERSION = YES;
				GCC_WARN_ABOUT_RETURN_TYPE = YES_ERROR;
				GCC_WARN_UNDECLARED_SELECTOR = YES;
				GCC_WARN_UNINITIALIZED_AUTOS = YES_AGGRESSIVE;
				GCC_WARN_UNUSED_FUNCTION = YES;
				GCC_WARN_UNUSED_VARIABLE = YES;
				IPHONEOS_DEPLOYMENT_TARGET = 13.0;
				MTL_ENABLE_DEBUG_INFO = NO;
				MTL_FAST_MATH = YES;
				SDKROOT = iphoneos;
				VALIDATE_PRODUCT = YES;
			};
			name = Release;
		};
		6C97101C24B887A500FD3C2D /* Debug */ = {
			isa = XCBuildConfiguration;
			buildSettings = {
				ASSETCATALOG_COMPILER_APPICON_NAME = AppIcon;
				CODE_SIGN_IDENTITY = "Apple Development";
				CODE_SIGN_STYLE = Automatic;
				DEVELOPMENT_TEAM = ACX3M6X8Z7;
				INFOPLIST_FILE = Training_ObjC_MapTableView/Info.plist;
				LD_RUNPATH_SEARCH_PATHS = (
					"$(inherited)",
					"@executable_path/Frameworks",
				);
				PRODUCT_BUNDLE_IDENTIFIER = "ChenCheWei.Training-ObjC-MapTableView";
				PRODUCT_NAME = "$(TARGET_NAME)";
				PROVISIONING_PROFILE_SPECIFIER = "";
				TARGETED_DEVICE_FAMILY = "1,2";
			};
			name = Debug;
		};
		6C97101D24B887A500FD3C2D /* Release */ = {
			isa = XCBuildConfiguration;
			buildSettings = {
				ASSETCATALOG_COMPILER_APPICON_NAME = AppIcon;
				CODE_SIGN_IDENTITY = "Apple Development";
				CODE_SIGN_STYLE = Automatic;
				DEVELOPMENT_TEAM = ACX3M6X8Z7;
				INFOPLIST_FILE = Training_ObjC_MapTableView/Info.plist;
				LD_RUNPATH_SEARCH_PATHS = (
					"$(inherited)",
					"@executable_path/Frameworks",
				);
				PRODUCT_BUNDLE_IDENTIFIER = "ChenCheWei.Training-ObjC-MapTableView";
				PRODUCT_NAME = "$(TARGET_NAME)";
				PROVISIONING_PROFILE_SPECIFIER = "";
				TARGETED_DEVICE_FAMILY = "1,2";
			};
			name = Release;
		};
/* End XCBuildConfiguration section */

/* Begin XCConfigurationList section */
		6C970FFD24B8879400FD3C2D /* Build configuration list for PBXProject "Training_ObjC_MapTableView" */ = {
			isa = XCConfigurationList;
			buildConfigurations = (
				6C97101924B887A500FD3C2D /* Debug */,
				6C97101A24B887A500FD3C2D /* Release */,
			);
			defaultConfigurationIsVisible = 0;
			defaultConfigurationName = Release;
		};
		6C97101B24B887A500FD3C2D /* Build configuration list for PBXNativeTarget "Training_ObjC_MapTableView" */ = {
			isa = XCConfigurationList;
			buildConfigurations = (
				6C97101C24B887A500FD3C2D /* Debug */,
				6C97101D24B887A500FD3C2D /* Release */,
			);
			defaultConfigurationIsVisible = 0;
			defaultConfigurationName = Release;
		};
/* End XCConfigurationList section */
	};
	rootObject = 6C970FFA24B8879400FD3C2D /* Project object */;
}
